
Microsoft Visual Studio Solution File, Format Version 12.00
# Visual Studio Version 16
VisualStudioVersion = 16.0.30413.136
MinimumVisualStudioVersion = 10.0.40219.1
Project("{FAE04EC0-301F-11D3-BF4B-00C04F79EFBC}") = "CProgrammerimine3", "CProgrammerimine3.csproj", "{CC69097F-C1A6-447C-98BC-96A469D59746}"
EndProject
Global
	GlobalSection(SolutionConfigurationPlatforms) = preSolution
		Debug|Any CPU = Debug|Any CPU
		Release|Any CPU = Release|Any CPU
	EndGlobalSection
	GlobalSection(ProjectConfigurationPlatforms) = postSolution
		{CC69097F-C1A6-447C-98BC-96A469D59746}.Debug|Any CPU.ActiveCfg = Debug|Any CPU
		{CC69097F-C1A6-447C-98BC-96A469D59746}.Debug|Any CPU.Build.0 = Debug|Any CPU
		{CC69097F-C1A6-447C-98BC-96A469D59746}.Release|Any CPU.ActiveCfg = Release|Any CPU
		{CC69097F-C1A6-447C-98BC-96A469D59746}.Release|Any CPU.Build.0 = Release|Any CPU
	EndGlobalSection
	GlobalSection(SolutionProperties) = preSolution
		HideSolutionNode = FALSE
	EndGlobalSection
	GlobalSection(ExtensibilityGlobals) = postSolution
		SolutionGuid = {2852317F-241D-4338-AB2A-56C175C3E776}
	EndGlobalSection
EndGlobal
